lockfileVersion: '6.0'

settings:
  autoInstallPeers: false
  excludeLinksFromLockfile: false

overrides:
  package-json: ^7

packageExtensionsChecksum: e018a987bfd03cbebe669c2ca9ae0f88

importers:

  .: {}

  ../../../d:
    dependencies:
      a:
        specifier: link:../a
        version: link:../a
      b:
        specifier: link:../b
        version: link:../b
      c:
        specifier: link:../c
        version: link:../c
      typescript:
        specifier: ~5.3.3
        version: 5.3.3

  ../../../e: {}

packages:

  /typescript@5.3.3:
    resolution: {integrity: sha512-pXWcraxM0uxAS+tN0AG/BF2TyqmHO014Z070UsJ+pFvYuRSq8KH8DmWpnbXe0pEPDHXZV3FcAbJkijJ5oNEnWw==}
    engines: {node: '>=14.17'}
    hasBin: true
    dev: false
